// !$*UTF8*$!
{
	archiveVersion = 1;
	classes = {
	};
	objectVersion = 46;
	objects = {

/* Begin PBXBuildFile section */
		7862BBE41D8918C0008075F2 /* AppDelegate.swift in Sources */ = {isa = PBXBuildFile; fileRef = 7862BBE31D8918C0008075F2 /* AppDelegate.swift */; };
		7862BBE61D8918C0008075F2 /* ViewController.swift in Sources */ = {isa = PBXBuildFile; fileRef = 7862BBE51D8918C0008075F2 /* ViewController.swift */; };
		7862BBE91D8918C0008075F2 /* Main.storyboard in Resources */ = {isa = PBXBuildFile; fileRef = 7862BBE71D8918C0008075F2 /* Main.storyboard */; };
		7862BBEB1D8918C0008075F2 /* Assets.xcassets in Resources */ = {isa = PBXBuildFile; fileRef = 7862BBEA1D8918C0008075F2 /* Assets.xcassets */; };
		7862BBEE1D8918C0008075F2 /* LaunchScreen.storyboard in Resources */ = {isa = PBXBuildFile; fileRef = 7862BBEC1D8918C0008075F2 /* LaunchScreen.storyboard */; };
		7862BBF91D8918C0008075F2 /* FrameworkDependentAppTests.swift in Sources */ = {isa = PBXBuildFile; fileRef = 7862BBF81D8918C0008075F2 /* FrameworkDependentAppTests.swift */; };
		7862BC041D89195D008075F2 /* UmbrellaFramework.framework in Frameworks */ = {isa = PBXBuildFile; fileRef = 7862BC031D89195D008075F2 /* UmbrellaFramework.framework */; };
		7862BC051D89195D008075F2 /* UmbrellaFramework.framework in Embed Frameworks */ = {isa = PBXBuildFile; fileRef = 7862BC031D89195D008075F2 /* UmbrellaFramework.framework */; settings = {ATTRIBUTES = (CodeSignOnCopy, RemoveHeadersOnCopy, ); }; };
/* End PBXBuildFile section */

/* Begin PBXContainerItemProxy section */
		7862BBF51D8918C0008075F2 /* PBXContainerItemProxy */ = {
			isa = PBXContainerItemProxy;
			containerPortal = 7862BBD81D8918C0008075F2 /* Project object */;
			proxyType = 1;
			remoteGlobalIDString = 7862BBDF1D8918C0008075F2;
			remoteInfo = FrameworkDependentApp;
		};
/* End PBXContainerItemProxy section */

/* Begin PBXCopyFilesBuildPhase section */
		7862BC061D89195D008075F2 /* Embed Frameworks */ = {
			isa = PBXCopyFilesBuildPhase;
			buildActionMask = 2147483647;
			dstPath = "";
			dstSubfolderSpec = 10;
			files = (
				7862BC051D89195D008075F2 /* UmbrellaFramework.framework in Embed Frameworks */,
			);
			name = "Embed Frameworks";
			runOnlyForDeploymentPostprocessing = 0;
		};
/* End PBXCopyFilesBuildPhase section */

/* Begin PBXFileReference section */
		7862BBE01D8918C0008075F2 /* FrameworkDependentApp.app */ = {isa = PBXFileReference; explicitFileType = wrapper.application; includeInIndex = 0; path = FrameworkDependentApp.app; sourceTree = BUILT_PRODUCTS_DIR; };
		7862BBE31D8918C0008075F2 /* AppDelegate.swift */ = {isa = PBXFileReference; lastKnownFileType = sourcecode.swift; path = AppDelegate.swift; sourceTree = "<group>"; };
		7862BBE51D8918C0008075F2 /* ViewController.swift */ = {isa = PBXFileReference; lastKnownFileType = sourcecode.swift; path = ViewController.swift; sourceTree = "<group>"; };
		7862BBE81D8918C0008075F2 /* Base */ = {isa = PBXFileReference; lastKnownFileType = file.storyboard; name = Base; path = Base.lproj/Main.storyboard; sourceTree = "<group>"; };
		7862BBEA1D8918C0008075F2 /* Assets.xcassets */ = {isa = PBXFileReference; lastKnownFileType = folder.assetcatalog; path = Assets.xcassets; sourceTree = "<group>"; };
		7862BBED1D8918C0008075F2 /* Base */ = {isa = PBXFileReference; lastKnownFileType = file.storyboard; name = Base; path = Base.lproj/LaunchScreen.storyboard; sourceTree = "<group>"; };
		7862BBEF1D8918C0008075F2 /* Info.plist */ = {isa = PBXFileReference; lastKnownFileType = text.plist.xml; path = Info.plist; sourceTree = "<group>"; };
		7862BBF41D8918C0008075F2 /* FrameworkDependentAppTests.xctest */ = {isa = PBXFileReference; explicitFileType = wrapper.cfbundle; includeInIndex = 0; path = FrameworkDependentAppTests.xctest; sourceTree = BUILT_PRODUCTS_DIR; };
		7862BBF81D8918C0008075F2 /* FrameworkDependentAppTests.swift */ = {isa = PBXFileReference; lastKnownFileType = sourcecode.swift; path = FrameworkDependentAppTests.swift; sourceTree = "<group>"; };
		7862BBFA1D8918C0008075F2 /* Info.plist */ = {isa = PBXFileReference; lastKnownFileType = text.plist.xml; path = Info.plist; sourceTree = "<group>"; };
		7862BC031D89195D008075F2 /* UmbrellaFramework.framework */ = {isa = PBXFileReference; lastKnownFileType = wrapper.framework; name = UmbrellaFramework.framework; path = FrameworkDependentApp/UmbrellaFramework.framework; sourceTree = "<group>"; };
/* End PBXFileReference section */

/* Begin PBXFrameworksBuildPhase section */
		7862BBDD1D8918C0008075F2 /* Frameworks */ = {
			isa = PBXFrameworksBuildPhase;
			buildActionMask = 2147483647;
			files = (
				7862BC041D89195D008075F2 /* UmbrellaFramework.framework in Frameworks */,
			);
			runOnlyForDeploymentPostprocessing = 0;
		};
		7862BBF11D8918C0008075F2 /* Frameworks */ = {
			isa = PBXFrameworksBuildPhase;
			buildActionMask = 2147483647;
			files = (
			);
			runOnlyForDeploymentPostprocessing = 0;
		};
/* End PBXFrameworksBuildPhase section */

/* Begin PBXGroup section */
		7862BBD71D8918C0008075F2 = {
			isa = PBXGroup;
			children = (
				7862BC031D89195D008075F2 /* UmbrellaFramework.framework */,
				7862BBE21D8918C0008075F2 /* FrameworkDependentApp */,
				7862BBF71D8918C0008075F2 /* FrameworkDependentAppTests */,
				7862BBE11D8918C0008075F2 /* Products */,
			);
			sourceTree = "<group>";
		};
		7862BBE11D8918C0008075F2 /* Products */ = {
			isa = PBXGroup;
			children = (
				7862BBE01D8918C0008075F2 /* FrameworkDependentApp.app */,
				7862BBF41D8918C0008075F2 /* FrameworkDependentAppTests.xctest */,
			);
			name = Products;
			sourceTree = "<group>";
		};
		7862BBE21D8918C0008075F2 /* FrameworkDependentApp */ = {
			isa = PBXGroup;
			children = (
				7862BBE31D8918C0008075F2 /* AppDelegate.swift */,
				7862BBE51D8918C0008075F2 /* ViewController.swift */,
				7862BBE71D8918C0008075F2 /* Main.storyboard */,
				7862BBEA1D8918C0008075F2 /* Assets.xcassets */,
				7862BBEC1D8918C0008075F2 /* LaunchScreen.storyboard */,
				7862BBEF1D8918C0008075F2 /* Info.plist */,
			);
			path = FrameworkDependentApp;
			sourceTree = "<group>";
		};
		7862BBF71D8918C0008075F2 /* FrameworkDependentAppTests */ = {
			isa = PBXGroup;
			children = (
				7862BBF81D8918C0008075F2 /* FrameworkDependentAppTests.swift */,
				7862BBFA1D8918C0008075F2 /* Info.plist */,
			);
			path = FrameworkDependentAppTests;
			sourceTree = "<group>";
		};
/* End PBXGroup section */

/* Begin PBXNativeTarget section */
		7862BBDF1D8918C0008075F2 /* FrameworkDependentApp */ = {
			isa = PBXNativeTarget;
			buildConfigurationList = 7862BBFD1D8918C0008075F2 /* Build configuration list for PBXNativeTarget "FrameworkDependentApp" */;
			buildPhases = (
				7862BBDC1D8918C0008075F2 /* Sources */,
				7862BBDD1D8918C0008075F2 /* Frameworks */,
				7862BBDE1D8918C0008075F2 /* Resources */,
				7862BC061D89195D008075F2 /* Embed Frameworks */,
			);
			buildRules = (
			);
			dependencies = (
			);
			name = FrameworkDependentApp;
			productName = FrameworkDependentApp;
			productReference = 7862BBE01D8918C0008075F2 /* FrameworkDependentApp.app */;
			productType = "com.apple.product-type.application";
		};
		7862BBF31D8918C0008075F2 /* FrameworkDependentAppTests */ = {
			isa = PBXNativeTarget;
			buildConfigurationList = 7862BC001D8918C0008075F2 /* Build configuration list for PBXNativeTarget "FrameworkDependentAppTests" */;
			buildPhases = (
				7862BBF01D8918C0008075F2 /* Sources */,
				7862BBF11D8918C0008075F2 /* Frameworks */,
				7862BBF21D8918C0008075F2 /* Resources */,
			);
			buildRules = (
			);
			dependencies = (
				7862BBF61D8918C0008075F2 /* PBXTargetDependency */,
			);
			name = FrameworkDependentAppTests;
			productName = FrameworkDependentAppTests;
			productReference = 7862BBF41D8918C0008075F2 /* FrameworkDependentAppTests.xctest */;
			productType = "com.apple.product-type.bundle.unit-test";
		};
/* End PBXNativeTarget section */

/* Begin PBXProject section */
		7862BBD81D8918C0008075F2 /* Project object */ = {
			isa = PBXProject;
			attributes = {
				LastSwiftUpdateCheck = 0800;
				LastUpgradeCheck = 0800;
				ORGANIZATIONNAME = Visa;
				TargetAttributes = {
					7862BBDF1D8918C0008075F2 = {
						CreatedOnToolsVersion = 8.0;
						DevelopmentTeam = 7M8XGUGE24;
						ProvisioningStyle = Automatic;
					};
					7862BBF31D8918C0008075F2 = {
						CreatedOnToolsVersion = 8.0;
						ProvisioningStyle = Automatic;
						TestTargetID = 7862BBDF1D8918C0008075F2;
					};
				};
			};
			buildConfigurationList = 7862BBDB1D8918C0008075F2 /* Build configuration list for PBXProject "FrameworkDependentApp" */;
			compatibilityVersion = "Xcode 3.2";
			developmentRegion = English;
			hasScannedForEncodings = 0;
			knownRegions = (
				en,
				Base,
			);
			mainGroup = 7862BBD71D8918C0008075F2;
			productRefGroup = 7862BBE11D8918C0008075F2 /* Products */;
			projectDirPath = "";
			projectRoot = "";
			targets = (
				7862BBDF1D8918C0008075F2 /* FrameworkDependentApp */,
				7862BBF31D8918C0008075F2 /* FrameworkDependentAppTests */,
			);
		};
/* End PBXProject section */

/* Begin PBXResourcesBuildPhase section */
		7862BBDE1D8918C0008075F2 /* Resources */ = {
			isa = PBXResourcesBuildPhase;
			buildActionMask = 2147483647;
			files = (
				7862BBEE1D8918C0008075F2 /* LaunchScreen.storyboard in Resources */,
				7862BBEB1D8918C0008075F2 /* Assets.xcassets in Resources */,
				7862BBE91D8918C0008075F2 /* Main.storyboard in Resources */,
			);
			runOnlyForDeploymentPostprocessing = 0;
		};
		7862BBF21D8918C0008075F2 /* Resources */ = {
			isa = PBXResourcesBuildPhase;
			buildActionMask = 2147483647;
			files = (
			);
			runOnlyForDeploymentPostprocessing = 0;
		};
/* End PBXResourcesBuildPhase section */

/* Begin PBXSourcesBuildPhase section */
		7862BBDC1D8918C0008075F2 /* Sources */ = {
			isa = PBXSourcesBuildPhase;
			buildActionMask = 2147483647;
			files = (
				7862BBE61D8918C0008075F2 /* ViewController.swift in Sources */,
				7862BBE41D8918C0008075F2 /* AppDelegate.swift in Sources */,
			);
			runOnlyForDeploymentPostprocessing = 0;
		};
		7862BBF01D8918C0008075F2 /* Sources */ = {
			isa = PBXSourcesBuildPhase;
			buildActionMask = 2147483647;
			files = (
				7862BBF91D8918C0008075F2 /* FrameworkDependentAppTests.swift in Sources */,
			);
			runOnlyForDeploymentPostprocessing = 0;
		};
/* End PBXSourcesBuildPhase section */

/* Begin PBXTargetDependency section */
		7862BBF61D8918C0008075F2 /* PBXTargetDependency */ = {
			isa = PBXTargetDependency;
			target = 7862BBDF1D8918C0008075F2 /* FrameworkDependentApp */;
			targetProxy = 7862BBF51D8918C0008075F2 /* PBXContainerItemProxy */;
		};
/* End PBXTargetDependency section */

/* Begin PBXVariantGroup section */
		7862BBE71D8918C0008075F2 /* Main.storyboard */ = {
			isa = PBXVariantGroup;
			children = (
				7862BBE81D8918C0008075F2 /* Base */,
			);
			name = Main.storyboard;
			sourceTree = "<group>";
		};
		7862BBEC1D8918C0008075F2 /* LaunchScreen.storyboard */ = {
			isa = PBXVariantGroup;
			children = (
				7862BBED1D8918C0008075F2 /* Base */,
			);
			name = LaunchScreen.storyboard;
			sourceTree = "<group>";
		};
/* End PBXVariantGroup section */

/* Begin XCBuildConfiguration section */
		7862BBFB1D8918C0008075F2 /* Debug */ = {
			isa = XCBuildConfiguration;
			buildSettings = {
				ALWAYS_SEARCH_USER_PATHS = NO;
				CLANG_ANALYZER_NONNULL = YES;
				CLANG_CXX_LANGUAGE_STANDARD = "gnu++0x";
				CLANG_CXX_LIBRARY = "libc++";
				CLANG_ENABLE_MODULES = YES;
				CLANG_ENABLE_OBJC_ARC = YES;
				CLANG_WARN_BOOL_CONVERSION = YES;
				CLANG_WARN_CONSTANT_CONVERSION = YES;
				CLANG_WARN_DIRECT_OBJC_ISA_USAGE = YES_ERROR;
				CLANG_WARN_DOCUMENTATION_COMMENTS = YES;
				CLANG_WARN_EMPTY_BODY = YES;
				CLANG_WARN_ENUM_CONVERSION = YES;
				CLANG_WARN_INFINITE_RECURSION = YES;
				CLANG_WARN_INT_CONVERSION = YES;
				CLANG_WARN_OBJC_ROOT_CLASS = YES_ERROR;
				CLANG_WARN_SUSPICIOUS_MOVES = YES;
				CLANG_WARN_UNREACHABLE_CODE = YES;
				CLANG_WARN__DUPLICATE_METHOD_MATCH = YES;
				"CODE_SIGN_IDENTITY[sdk=iphoneos*]" = "iPhone Developer";
				COPY_PHASE_STRIP = NO;
				DEBUG_INFORMATION_FORMAT = dwarf;
				ENABLE_STRICT_OBJC_MSGSEND = YES;
				ENABLE_TESTABILITY = YES;
				GCC_C_LANGUAGE_STANDARD = gnu99;
				GCC_DYNAMIC_NO_PIC = NO;
				GCC_NO_COMMON_BLOCKS = YES;
				GCC_OPTIMIZATION_LEVEL = 0;
				GCC_PREPROCESSOR_DEFINITIONS = (
					"DEBUG=1",
					"$(inherited)",
				);
				GCC_WARN_64_TO_32_BIT_CONVERSION = YES;
				GCC_WARN_ABOUT_RETURN_TYPE = YES_ERROR;
				GCC_WARN_UNDECLARED_SELECTOR = YES;
				GCC_WARN_UNINITIALIZED_AUTOS = YES_AGGRESSIVE;
				GCC_WARN_UNUSED_FUNCTION = YES;
				GCC_WARN_UNUSED_VARIABLE = YES;
				IPHONEOS_DEPLOYMENT_TARGET = 10.0;
				MTL_ENABLE_DEBUG_INFO = YES;
				ONLY_ACTIVE_ARCH = YES;
				SDKROOT = iphoneos;
				SWIFT_ACTIVE_COMPILATION_CONDITIONS = DEBUG;
				SWIFT_OPTIMIZATION_LEVEL = "-Onone";
				TARGETED_DEVICE_FAMILY = "1,2";
			};
			name = Debug;
		};
		7862BBFC1D8918C0008075F2 /* Release */ = {
			isa = XCBuildConfiguration;
			buildSettings = {
				ALWAYS_SEARCH_USER_PATHS = NO;
				CLANG_ANALYZER_NONNULL = YES;
				CLANG_CXX_LANGUAGE_STANDARD = "gnu++0x";
				CLANG_CXX_LIBRARY = "libc++";
				CLANG_ENABLE_MODULES = YES;
				CLANG_ENABLE_OBJC_ARC = YES;
				CLANG_WARN_BOOL_CONVERSION = YES;
				CLANG_WARN_CONSTANT_CONVERSION = YES;
				CLANG_WARN_DIRECT_OBJC_ISA_USAGE = YES_ERROR;
				CLANG_WARN_DOCUMENTATION_COMMENTS = YES;
				CLANG_WARN_EMPTY_BODY = YES;
				CLANG_WARN_ENUM_CONVERSION = YES;
				CLANG_WARN_INFINITE_RECURSION = YES;
				CLANG_WARN_INT_CONVERSION = YES;
				CLANG_WARN_OBJC_ROOT_CLASS = YES_ERROR;
				CLANG_WARN_SUSPICIOUS_MOVES = YES;
				CLANG_WARN_UNREACHABLE_CODE = YES;
				CLANG_WARN__DUPLICATE_METHOD_MATCH = YES;
				"CODE_SIGN_IDENTITY[sdk=iphoneos*]" = "iPhone Developer";
				COPY_PHASE_STRIP = NO;
				DEBUG_INFORMATION_FORMAT = "dwarf-with-dsym";
				ENABLE_NS_ASSERTIONS = NO;
				ENABLE_STRICT_OBJC_MSGSEND = YES;
				GCC_C_LANGUAGE_STANDARD = gnu99;
				GCC_NO_COMMON_BLOCKS = YES;
				GCC_WARN_64_TO_32_BIT_CONVERSION = YES;
				GCC_WARN_ABOUT_RETURN_TYPE = YES_ERROR;
				GCC_WARN_UNDECLARED_SELECTOR = YES;
				GCC_WARN_UNINITIALIZED_AUTOS = YES_AGGRESSIVE;
				GCC_WARN_UNUSED_FUNCTION = YES;
				GCC_WARN_UNUSED_VARIABLE = YES;
				IPHONEOS_DEPLOYMENT_TARGET = 10.0;
				MTL_ENABLE_DEBUG_INFO = NO;
				SDKROOT = iphoneos;
				SWIFT_OPTIMIZATION_LEVEL = "-Owholemodule";
				TARGETED_DEVICE_FAMILY = "1,2";
				VALIDATE_PRODUCT = YES;
			};
			name = Release;
		};
		7862BBFE1D8918C0008075F2 /* Debug */ = {
			isa = XCBuildConfiguration;
			buildSettings = {
				ASSETCATALOG_COMPILER_APPICON_NAME = AppIcon;
				DEVELOPMENT_TEAM = 7M8XGUGE24;
				FRAMEWORK_SEARCH_PATHS = (
					"$(inherited)",
					"$(PROJECT_DIR)/FrameworkDependentApp/**",
				);
				INFOPLIST_FILE = FrameworkDependentApp/Info.plist;
				LD_RUNPATH_SEARCH_PATHS = "$(inherited) @executable_path/Frameworks";
				PRODUCT_BUNDLE_IDENTIFIER = com.visa.FrameworkDependentApp;
				PRODUCT_NAME = "$(TARGET_NAME)";
				SWIFT_INCLUDE_PATHS = "$(SRCROOT)/Frameworks/**";
				SWIFT_VERSION = 3.0;
			};
			name = Debug;
		};
		7862BBFF1D8918C0008075F2 /* Release */ = {
			isa = XCBuildConfiguration;
			buildSettings = {
				ASSETCATALOG_COMPILER_APPICON_NAME = AppIcon;
				DEVELOPMENT_TEAM = 7M8XGUGE24;
				FRAMEWORK_SEARCH_PATHS = (
					"$(inherited)",
					"$(PROJECT_DIR)/FrameworkDependentApp/**",
				);
				INFOPLIST_FILE = FrameworkDependentApp/Info.plist;
				LD_RUNPATH_SEARCH_PATHS = "$(inherited) @executable_path/Frameworks";
				PRODUCT_BUNDLE_IDENTIFIER = com.visa.FrameworkDependentApp;
				PRODUCT_NAME = "$(TARGET_NAME)";
				SWIFT_INCLUDE_PATHS = "$(SRCROOT)/Frameworks/**";
				SWIFT_VERSION = 3.0;
			};
			name = Release;
		};
		7862BC011D8918C0008075F2 /* Debug */ = {
			isa = XCBuildConfiguration;
			buildSettings = {
				ALWAYS_EMBED_SWIFT_STANDARD_LIBRARIES = YES;
				BUNDLE_LOADER = "$(TEST_HOST)";
				INFOPLIST_FILE = FrameworkDependentAppTests/Info.plist;
				LD_RUNPATH_SEARCH_PATHS = "$(inherited) @executable_path/Frameworks @loader_path/Frameworks";
				PRODUCT_BUNDLE_IDENTIFIER = com.visa.FrameworkDependentAppTests;
				PRODUCT_NAME = "$(TARGET_NAME)";
				SWIFT_VERSION = 3.0;
				TEST_HOST = "$(BUILT_PRODUCTS_DIR)/FrameworkDependentApp.app/FrameworkDependentApp";
			};
			name = Debug;
		};
		7862BC021D8918C0008075F2 /* Release */ = {
			isa = XCBuildConfiguration;
			buildSettings = {
				ALWAYS_EMBED_SWIFT_STANDARD_LIBRARIES = YES;
				BUNDLE_LOADER = "$(TEST_HOST)";
				INFOPLIST_FILE = FrameworkDependentAppTests/Info.plist;
				LD_RUNPATH_SEARCH_PATHS = "$(inherited) @executable_path/Frameworks @loader_path/Frameworks";
				PRODUCT_BUNDLE_IDENTIFIER = com.visa.FrameworkDependentAppTests;
				PRODUCT_NAME = "$(TARGET_NAME)";
				SWIFT_VERSION = 3.0;
				TEST_HOST = "$(BUILT_PRODUCTS_DIR)/FrameworkDependentApp.app/FrameworkDependentApp";
			};
			name = Release;
		};
/* End XCBuildConfiguration section */

/* Begin XCConfigurationList section */
		7862BBDB1D8918C0008075F2 /* Build configuration list for PBXProject "FrameworkDependentApp" */ = {
			isa = XCConfigurationList;
			buildConfigurations = (
				7862BBFB1D8918C0008075F2 /* Debug */,
				7862BBFC1D8918C0008075F2 /* Release */,
			);
			defaultConfigurationIsVisible = 0;
			defaultConfigurationName = Release;
		};
		7862BBFD1D8918C0008075F2 /* Build configuration list for PBXNativeTarget "FrameworkDependentApp" */ = {
			isa = XCConfigurationList;
			buildConfigurations = (
				7862BBFE1D8918C0008075F2 /* Debug */,
				7862BBFF1D8918C0008075F2 /* Release */,
			);
			defaultConfigurationIsVisible = 0;
			defaultConfigurationName = Release;
		};
		7862BC001D8918C0008075F2 /* Build configuration list for PBXNativeTarget "FrameworkDependentAppTests" */ = {
			isa = XCConfigurationList;
			buildConfigurations = (
				7862BC011D8918C0008075F2 /* Debug */,
				7862BC021D8918C0008075F2 /* Release */,
			);
			defaultConfigurationIsVisible = 0;
			defaultConfigurationName = Release;
		};
/* End XCConfigurationList section */
	};
	rootObject = 7862BBD81D8918C0008075F2 /* Project object */;
}
